
Microsoft Visual Studio Solution File, Format Version 12.00
# Visual Studio Version 17
VisualStudioVersion = 17.4.33122.133
MinimumVisualStudioVersion = 10.0.40219.1
Project("{FAE04EC0-301F-11D3-BF4B-00C04F79EFBC}") = "ClassWork05.04", "ClassWork05.04\ClassWork05.04.csproj", "{C27756C0-3C43-473C-9822-75CB8C0111DA}"
EndProject
Global
	GlobalSection(SolutionConfigurationPlatforms) = preSolution
		Debug|Any CPU = Debug|Any CPU
		Release|Any CPU = Release|Any CPU
	EndGlobalSection
	GlobalSection(ProjectConfigurationPlatforms) = postSolution
		{C27756C0-3C43-473C-9822-75CB8C0111DA}.Debug|Any CPU.ActiveCfg = Debug|Any CPU
		{C27756C0-3C43-473C-9822-75CB8C0111DA}.Debug|Any CPU.Build.0 = Debug|Any CPU
		{C27756C0-3C43-473C-9822-75CB8C0111DA}.Release|Any CPU.ActiveCfg = Release|Any CPU
		{C27756C0-3C43-473C-9822-75CB8C0111DA}.Release|Any CPU.Build.0 = Release|Any CPU
	EndGlobalSection
	GlobalSection(SolutionProperties) = preSolution
		HideSolutionNode = FALSE
	EndGlobalSection
	GlobalSection(ExtensibilityGlobals) = postSolution
		SolutionGuid = {37E70FF7-764D-409E-9643-B5D2CD46FFD5}
	EndGlobalSection
EndGlobal
