
Microsoft Visual Studio Solution File, Format Version 12.00
# Visual Studio Version 17
VisualStudioVersion = 17.9.34723.18
MinimumVisualStudioVersion = 10.0.40219.1
Project("{FAE04EC0-301F-11D3-BF4B-00C04F79EFBC}") = "Interfaceclasswork", "Interfaceclasswork\Interfaceclasswork.csproj", "{1E820275-88D8-468B-B6D1-4B3BC8C66304}"
EndProject
Global
	GlobalSection(SolutionConfigurationPlatforms) = preSolution
		Debug|Any CPU = Debug|Any CPU
		Release|Any CPU = Release|Any CPU
	EndGlobalSection
	GlobalSection(ProjectConfigurationPlatforms) = postSolution
		{1E820275-88D8-468B-B6D1-4B3BC8C66304}.Debug|Any CPU.ActiveCfg = Debug|Any CPU
		{1E820275-88D8-468B-B6D1-4B3BC8C66304}.Debug|Any CPU.Build.0 = Debug|Any CPU
		{1E820275-88D8-468B-B6D1-4B3BC8C66304}.Release|Any CPU.ActiveCfg = Release|Any CPU
		{1E820275-88D8-468B-B6D1-4B3BC8C66304}.Release|Any CPU.Build.0 = Release|Any CPU
	EndGlobalSection
	GlobalSection(SolutionProperties) = preSolution
		HideSolutionNode = FALSE
	EndGlobalSection
	GlobalSection(ExtensibilityGlobals) = postSolution
		SolutionGuid = {D5E9DA46-CBDB-46CE-ADC5-2BE76B41D7BB}
	EndGlobalSection
EndGlobal
