
Microsoft Visual Studio Solution File, Format Version 12.00
# Visual Studio Version 17
VisualStudioVersion = 17.9.34723.18
MinimumVisualStudioVersion = 10.0.40219.1
Project("{FAE04EC0-301F-11D3-BF4B-00C04F79EFBC}") = "Abstract,Virtual,Override", "Abstract,Virtual,Override\Abstract,Virtual,Override.csproj", "{8BC53317-10CF-4FF0-B1A4-60E2FB3F1839}"
EndProject
Global
	GlobalSection(SolutionConfigurationPlatforms) = preSolution
		Debug|Any CPU = Debug|Any CPU
		Release|Any CPU = Release|Any CPU
	EndGlobalSection
	GlobalSection(ProjectConfigurationPlatforms) = postSolution
		{8BC53317-10CF-4FF0-B1A4-60E2FB3F1839}.Debug|Any CPU.ActiveCfg = Debug|Any CPU
		{8BC53317-10CF-4FF0-B1A4-60E2FB3F1839}.Debug|Any CPU.Build.0 = Debug|Any CPU
		{8BC53317-10CF-4FF0-B1A4-60E2FB3F1839}.Release|Any CPU.ActiveCfg = Release|Any CPU
		{8BC53317-10CF-4FF0-B1A4-60E2FB3F1839}.Release|Any CPU.Build.0 = Release|Any CPU
	EndGlobalSection
	GlobalSection(SolutionProperties) = preSolution
		HideSolutionNode = FALSE
	EndGlobalSection
	GlobalSection(ExtensibilityGlobals) = postSolution
		SolutionGuid = {D3555329-E829-408F-9B72-7D1347E9CDA8}
	EndGlobalSection
EndGlobal
